
Microsoft Visual Studio Solution File, Format Version 12.00
# Visual Studio Version 17
Project("{8BC9CEB8-8B4A-11D0-8D11-00A0C91BC942}") = "ALL_BUILD", "ALL_BUILD.vcxproj", "{A7BCEC82-F956-36EC-8F0F-7AE94C085282}"
	ProjectSection(ProjectDependencies) = postProject
		{C3D34D62-C8C8-36D9-B185-02ADAA307BE7} = {C3D34D62-C8C8-36D9-B185-02ADAA307BE7}
		{6D90766C-3118-3FB8-A647-6D14AF685027} = {6D90766C-3118-3FB8-A647-6D14AF685027}
	EndProjectSection
EndProject
Project("{8BC9CEB8-8B4A-11D0-8D11-00A0C91BC942}") = "INSTALL", "INSTALL.vcxproj", "{59496306-66ED-3D02-8446-D0A1343F30F6}"
	ProjectSection(ProjectDependencies) = postProject
		{A7BCEC82-F956-36EC-8F0F-7AE94C085282} = {A7BCEC82-F956-36EC-8F0F-7AE94C085282}
		{C3D34D62-C8C8-36D9-B185-02ADAA307BE7} = {C3D34D62-C8C8-36D9-B185-02ADAA307BE7}
	EndProjectSection
EndProject
Project("{8BC9CEB8-8B4A-11D0-8D11-00A0C91BC942}") = "ZERO_CHECK", "ZERO_CHECK.vcxproj", "{C3D34D62-C8C8-36D9-B185-02ADAA307BE7}"
	ProjectSection(ProjectDependencies) = postProject
	EndProjectSection
EndProject
Project("{8BC9CEB8-8B4A-11D0-8D11-00A0C91BC942}") = "offsetCurveDeformer", "src\offsetCurveDeformer.vcxproj", "{6D90766C-3118-3FB8-A647-6D14AF685027}"
	ProjectSection(ProjectDependencies) = postProject
		{C3D34D62-C8C8-36D9-B185-02ADAA307BE7} = {C3D34D62-C8C8-36D9-B185-02ADAA307BE7}
	EndProjectSection
EndProject
Global
	GlobalSection(SolutionConfigurationPlatforms) = preSolution
		Debug|x64 = Debug|x64
		Release|x64 = Release|x64
		MinSizeRel|x64 = MinSizeRel|x64
		RelWithDebInfo|x64 = RelWithDebInfo|x64
	EndGlobalSection
	GlobalSection(ProjectConfigurationPlatforms) = postSolution
		{A7BCEC82-F956-36EC-8F0F-7AE94C085282}.Debug|x64.ActiveCfg = Debug|x64
		{A7BCEC82-F956-36EC-8F0F-7AE94C085282}.Debug|x64.Build.0 = Debug|x64
		{A7BCEC82-F956-36EC-8F0F-7AE94C085282}.Release|x64.ActiveCfg = Release|x64
		{A7BCEC82-F956-36EC-8F0F-7AE94C085282}.Release|x64.Build.0 = Release|x64
		{A7BCEC82-F956-36EC-8F0F-7AE94C085282}.MinSizeRel|x64.ActiveCfg = MinSizeRel|x64
		{A7BCEC82-F956-36EC-8F0F-7AE94C085282}.MinSizeRel|x64.Build.0 = MinSizeRel|x64
		{A7BCEC82-F956-36EC-8F0F-7AE94C085282}.RelWithDebInfo|x64.ActiveCfg = RelWithDebInfo|x64
		{A7BCEC82-F956-36EC-8F0F-7AE94C085282}.RelWithDebInfo|x64.Build.0 = RelWithDebInfo|x64
		{59496306-66ED-3D02-8446-D0A1343F30F6}.Debug|x64.ActiveCfg = Debug|x64
		{59496306-66ED-3D02-8446-D0A1343F30F6}.Release|x64.ActiveCfg = Release|x64
		{59496306-66ED-3D02-8446-D0A1343F30F6}.MinSizeRel|x64.ActiveCfg = MinSizeRel|x64
		{59496306-66ED-3D02-8446-D0A1343F30F6}.RelWithDebInfo|x64.ActiveCfg = RelWithDebInfo|x64
		{C3D34D62-C8C8-36D9-B185-02ADAA307BE7}.Debug|x64.ActiveCfg = Debug|x64
		{C3D34D62-C8C8-36D9-B185-02ADAA307BE7}.Debug|x64.Build.0 = Debug|x64
		{C3D34D62-C8C8-36D9-B185-02ADAA307BE7}.Release|x64.ActiveCfg = Release|x64
		{C3D34D62-C8C8-36D9-B185-02ADAA307BE7}.Release|x64.Build.0 = Release|x64
		{C3D34D62-C8C8-36D9-B185-02ADAA307BE7}.MinSizeRel|x64.ActiveCfg = MinSizeRel|x64
		{C3D34D62-C8C8-36D9-B185-02ADAA307BE7}.MinSizeRel|x64.Build.0 = MinSizeRel|x64
		{C3D34D62-C8C8-36D9-B185-02ADAA307BE7}.RelWithDebInfo|x64.ActiveCfg = RelWithDebInfo|x64
		{C3D34D62-C8C8-36D9-B185-02ADAA307BE7}.RelWithDebInfo|x64.Build.0 = RelWithDebInfo|x64
		{6D90766C-3118-3FB8-A647-6D14AF685027}.Debug|x64.ActiveCfg = Debug|x64
		{6D90766C-3118-3FB8-A647-6D14AF685027}.Debug|x64.Build.0 = Debug|x64
		{6D90766C-3118-3FB8-A647-6D14AF685027}.Release|x64.ActiveCfg = Release|x64
		{6D90766C-3118-3FB8-A647-6D14AF685027}.Release|x64.Build.0 = Release|x64
		{6D90766C-3118-3FB8-A647-6D14AF685027}.MinSizeRel|x64.ActiveCfg = MinSizeRel|x64
		{6D90766C-3118-3FB8-A647-6D14AF685027}.MinSizeRel|x64.Build.0 = MinSizeRel|x64
		{6D90766C-3118-3FB8-A647-6D14AF685027}.RelWithDebInfo|x64.ActiveCfg = RelWithDebInfo|x64
		{6D90766C-3118-3FB8-A647-6D14AF685027}.RelWithDebInfo|x64.Build.0 = RelWithDebInfo|x64
	EndGlobalSection
	GlobalSection(ExtensibilityGlobals) = postSolution
		SolutionGuid = {962E703A-AEFC-3E44-B72A-8446984B2ACC}
	EndGlobalSection
	GlobalSection(ExtensibilityAddIns) = postSolution
	EndGlobalSection
EndGlobal
