<?xml version="1.0" encoding="utf-8"?>
<Project ToolsVersion="17.0" xmlns="http://schemas.microsoft.com/developer/msbuild/2003">
  <ItemGroup>
    <CustomBuild Include="C:\Users\edurm\divkitBase\plug-ins\plug-ins\offsetCurveDeformer\offsetCurveDeformer\build.2020\CMakeFiles\5210b35869f34e6de389872a95a9f7c5\INSTALL_force.rule">
      <Filter>CMake Rules</Filter>
    </CustomBuild>
  </ItemGroup>
  <ItemGroup>
    <Filter Include="CMake Rules">
      <UniqueIdentifier>{E6A30135-971F-379D-9B86-8771F11BF745}</UniqueIdentifier>
    </Filter>
  </ItemGroup>
</Project>
