<?xml version="1.0" encoding="utf-8"?>
<Project ToolsVersion="17.0" xmlns="http://schemas.microsoft.com/developer/msbuild/2003">
  <ItemGroup>
    <CustomBuild Include="C:\Users\edurm\divkitBase\plug-ins\plug-ins\offsetCurveDeformer-1\build.2020\CMakeFiles\9efe274d48903e77040af526e36d66f4\INSTALL_force.rule">
      <Filter>CMake Rules</Filter>
    </CustomBuild>
  </ItemGroup>
  <ItemGroup>
    <Filter Include="CMake Rules">
      <UniqueIdentifier>{35D2F97D-0FE1-37BA-BBBA-2842FC658FD4}</UniqueIdentifier>
    </Filter>
  </ItemGroup>
</Project>
