
Microsoft Visual Studio Solution File, Format Version 12.00
# Visual Studio Version 17
Project("{8BC9CEB8-8B4A-11D0-8D11-00A0C91BC942}") = "ALL_BUILD", "ALL_BUILD.vcxproj", "{ADADB98C-BF07-34C3-8F96-EFAE379C2EA0}"
	ProjectSection(ProjectDependencies) = postProject
		{204828B4-CA9E-3D14-9052-8E8198809470} = {204828B4-CA9E-3D14-9052-8E8198809470}
		{71E326A6-CE48-32BE-B55A-B84ACFA6CC1F} = {71E326A6-CE48-32BE-B55A-B84ACFA6CC1F}
	EndProjectSection
EndProject
Project("{8BC9CEB8-8B4A-11D0-8D11-00A0C91BC942}") = "INSTALL", "INSTALL.vcxproj", "{9112AFFB-57AC-3C38-922B-0666B544FE85}"
	ProjectSection(ProjectDependencies) = postProject
		{ADADB98C-BF07-34C3-8F96-EFAE379C2EA0} = {ADADB98C-BF07-34C3-8F96-EFAE379C2EA0}
		{204828B4-CA9E-3D14-9052-8E8198809470} = {204828B4-CA9E-3D14-9052-8E8198809470}
	EndProjectSection
EndProject
Project("{8BC9CEB8-8B4A-11D0-8D11-00A0C91BC942}") = "ZERO_CHECK", "ZERO_CHECK.vcxproj", "{204828B4-CA9E-3D14-9052-8E8198809470}"
	ProjectSection(ProjectDependencies) = postProject
	EndProjectSection
EndProject
Project("{8BC9CEB8-8B4A-11D0-8D11-00A0C91BC942}") = "offsetCurveDeformer", "src\offsetCurveDeformer.vcxproj", "{71E326A6-CE48-32BE-B55A-B84ACFA6CC1F}"
	ProjectSection(ProjectDependencies) = postProject
		{204828B4-CA9E-3D14-9052-8E8198809470} = {204828B4-CA9E-3D14-9052-8E8198809470}
	EndProjectSection
EndProject
Global
	GlobalSection(SolutionConfigurationPlatforms) = preSolution
		Debug|x64 = Debug|x64
		Release|x64 = Release|x64
		MinSizeRel|x64 = MinSizeRel|x64
		RelWithDebInfo|x64 = RelWithDebInfo|x64
	EndGlobalSection
	GlobalSection(ProjectConfigurationPlatforms) = postSolution
		{ADADB98C-BF07-34C3-8F96-EFAE379C2EA0}.Debug|x64.ActiveCfg = Debug|x64
		{ADADB98C-BF07-34C3-8F96-EFAE379C2EA0}.Debug|x64.Build.0 = Debug|x64
		{ADADB98C-BF07-34C3-8F96-EFAE379C2EA0}.Release|x64.ActiveCfg = Release|x64
		{ADADB98C-BF07-34C3-8F96-EFAE379C2EA0}.Release|x64.Build.0 = Release|x64
		{ADADB98C-BF07-34C3-8F96-EFAE379C2EA0}.MinSizeRel|x64.ActiveCfg = MinSizeRel|x64
		{ADADB98C-BF07-34C3-8F96-EFAE379C2EA0}.MinSizeRel|x64.Build.0 = MinSizeRel|x64
		{ADADB98C-BF07-34C3-8F96-EFAE379C2EA0}.RelWithDebInfo|x64.ActiveCfg = RelWithDebInfo|x64
		{ADADB98C-BF07-34C3-8F96-EFAE379C2EA0}.RelWithDebInfo|x64.Build.0 = RelWithDebInfo|x64
		{9112AFFB-57AC-3C38-922B-0666B544FE85}.Debug|x64.ActiveCfg = Debug|x64
		{9112AFFB-57AC-3C38-922B-0666B544FE85}.Release|x64.ActiveCfg = Release|x64
		{9112AFFB-57AC-3C38-922B-0666B544FE85}.MinSizeRel|x64.ActiveCfg = MinSizeRel|x64
		{9112AFFB-57AC-3C38-922B-0666B544FE85}.RelWithDebInfo|x64.ActiveCfg = RelWithDebInfo|x64
		{204828B4-CA9E-3D14-9052-8E8198809470}.Debug|x64.ActiveCfg = Debug|x64
		{204828B4-CA9E-3D14-9052-8E8198809470}.Debug|x64.Build.0 = Debug|x64
		{204828B4-CA9E-3D14-9052-8E8198809470}.Release|x64.ActiveCfg = Release|x64
		{204828B4-CA9E-3D14-9052-8E8198809470}.Release|x64.Build.0 = Release|x64
		{204828B4-CA9E-3D14-9052-8E8198809470}.MinSizeRel|x64.ActiveCfg = MinSizeRel|x64
		{204828B4-CA9E-3D14-9052-8E8198809470}.MinSizeRel|x64.Build.0 = MinSizeRel|x64
		{204828B4-CA9E-3D14-9052-8E8198809470}.RelWithDebInfo|x64.ActiveCfg = RelWithDebInfo|x64
		{204828B4-CA9E-3D14-9052-8E8198809470}.RelWithDebInfo|x64.Build.0 = RelWithDebInfo|x64
		{71E326A6-CE48-32BE-B55A-B84ACFA6CC1F}.Debug|x64.ActiveCfg = Debug|x64
		{71E326A6-CE48-32BE-B55A-B84ACFA6CC1F}.Debug|x64.Build.0 = Debug|x64
		{71E326A6-CE48-32BE-B55A-B84ACFA6CC1F}.Release|x64.ActiveCfg = Release|x64
		{71E326A6-CE48-32BE-B55A-B84ACFA6CC1F}.Release|x64.Build.0 = Release|x64
		{71E326A6-CE48-32BE-B55A-B84ACFA6CC1F}.MinSizeRel|x64.ActiveCfg = MinSizeRel|x64
		{71E326A6-CE48-32BE-B55A-B84ACFA6CC1F}.MinSizeRel|x64.Build.0 = MinSizeRel|x64
		{71E326A6-CE48-32BE-B55A-B84ACFA6CC1F}.RelWithDebInfo|x64.ActiveCfg = RelWithDebInfo|x64
		{71E326A6-CE48-32BE-B55A-B84ACFA6CC1F}.RelWithDebInfo|x64.Build.0 = RelWithDebInfo|x64
	EndGlobalSection
	GlobalSection(ExtensibilityGlobals) = postSolution
		SolutionGuid = {3D8BC180-5B9B-3C3F-890C-5C5454CC194D}
	EndGlobalSection
	GlobalSection(ExtensibilityAddIns) = postSolution
	EndGlobalSection
EndGlobal
