<?xml version="1.0" encoding="utf-8"?>
<Project ToolsVersion="17.0" xmlns="http://schemas.microsoft.com/developer/msbuild/2003">
  <ItemGroup>
    <ClCompile Include="C:\Users\edurm\divkitBase\plug-ins\plug-ins\offsetCurveDeformer\offsetCurveDeformer\src\pluginMain.cpp">
      <Filter>Source Files</Filter>
    </ClCompile>
    <ClCompile Include="C:\Users\edurm\divkitBase\plug-ins\plug-ins\offsetCurveDeformer\offsetCurveDeformer\src\offsetCurveAlgorithm.cpp">
      <Filter>Source Files</Filter>
    </ClCompile>
    <ClCompile Include="C:\Users\edurm\divkitBase\plug-ins\plug-ins\offsetCurveDeformer\offsetCurveDeformer\src\offsetCurveControlParams.cpp">
      <Filter>Source Files</Filter>
    </ClCompile>
    <ClCompile Include="C:\Users\edurm\divkitBase\plug-ins\plug-ins\offsetCurveDeformer\offsetCurveDeformer\src\offsetCurveDeformerNode.cpp">
      <Filter>Source Files</Filter>
    </ClCompile>
  </ItemGroup>
  <ItemGroup>
    <ClInclude Include="C:\Users\edurm\divkitBase\plug-ins\plug-ins\offsetCurveDeformer\offsetCurveDeformer\src\offsetCurveAlgorithm.h">
      <Filter>Header Files</Filter>
    </ClInclude>
    <ClInclude Include="C:\Users\edurm\divkitBase\plug-ins\plug-ins\offsetCurveDeformer\offsetCurveDeformer\src\offsetCurveControlParams.h">
      <Filter>Header Files</Filter>
    </ClInclude>
    <ClInclude Include="C:\Users\edurm\divkitBase\plug-ins\plug-ins\offsetCurveDeformer\offsetCurveDeformer\src\offsetCurveDeformerNode.h">
      <Filter>Header Files</Filter>
    </ClInclude>
  </ItemGroup>
  <ItemGroup>
    <CustomBuild Include="C:\Users\edurm\divkitBase\plug-ins\plug-ins\offsetCurveDeformer\offsetCurveDeformer\src\CMakeLists.txt" />
  </ItemGroup>
  <ItemGroup>
    <Filter Include="Header Files">
      <UniqueIdentifier>{A4923A1C-9CFE-36C0-BD27-504F2420D302}</UniqueIdentifier>
    </Filter>
    <Filter Include="Source Files">
      <UniqueIdentifier>{CA4AF8B1-0ED2-3E40-B5CB-27169984E4AF}</UniqueIdentifier>
    </Filter>
  </ItemGroup>
</Project>
