<?xml version="1.0" encoding="utf-8"?>
<Project ToolsVersion="17.0" xmlns="http://schemas.microsoft.com/developer/msbuild/2003">
  <ItemGroup>
    <ClCompile Include="C:\Users\edurm\divkitBase\plug-ins\plug-ins\offsetCurveDeformer\offsetCurveDeformer\src\pluginMain.cpp">
      <Filter>Source Files</Filter>
    </ClCompile>
    <ClCompile Include="C:\Users\edurm\divkitBase\plug-ins\plug-ins\offsetCurveDeformer\offsetCurveDeformer\src\offsetCurveAlgorithm.cpp">
      <Filter>Source Files</Filter>
    </ClCompile>
    <ClCompile Include="C:\Users\edurm\divkitBase\plug-ins\plug-ins\offsetCurveDeformer\offsetCurveDeformer\src\offsetCurveControlParams.cpp">
      <Filter>Source Files</Filter>
    </ClCompile>
    <ClCompile Include="C:\Users\edurm\divkitBase\plug-ins\plug-ins\offsetCurveDeformer\offsetCurveDeformer\src\offsetCurveDeformerNode.cpp">
      <Filter>Source Files</Filter>
    </ClCompile>
    <ClCompile Include="C:\Users\edurm\divkitBase\plug-ins\plug-ins\offsetCurveDeformer\offsetCurveDeformer\src\offsetCurveSystems.cpp">
      <Filter>Source Files</Filter>
    </ClCompile>
  </ItemGroup>
  <ItemGroup>
    <ClInclude Include="C:\Users\edurm\divkitBase\plug-ins\plug-ins\offsetCurveDeformer\offsetCurveDeformer\src\offsetCurveAlgorithm.h">
      <Filter>Header Files</Filter>
    </ClInclude>
    <ClInclude Include="C:\Users\edurm\divkitBase\plug-ins\plug-ins\offsetCurveDeformer\offsetCurveDeformer\src\offsetCurveControlParams.h">
      <Filter>Header Files</Filter>
    </ClInclude>
    <ClInclude Include="C:\Users\edurm\divkitBase\plug-ins\plug-ins\offsetCurveDeformer\offsetCurveDeformer\src\offsetCurveDeformerNode.h">
      <Filter>Header Files</Filter>
    </ClInclude>
    <ClInclude Include="C:\Users\edurm\divkitBase\plug-ins\plug-ins\offsetCurveDeformer\offsetCurveDeformer\src\offsetCurveSystems.h">
      <Filter>Header Files</Filter>
    </ClInclude>
    <ClInclude Include="C:\Users\edurm\divkitBase\plug-ins\plug-ins\offsetCurveDeformer\offsetCurveDeformer\src\offsetCurveTypes.h">
      <Filter>Header Files</Filter>
    </ClInclude>
  </ItemGroup>
  <ItemGroup>
    <CustomBuild Include="C:\Users\edurm\divkitBase\plug-ins\plug-ins\offsetCurveDeformer\offsetCurveDeformer\src\CMakeLists.txt" />
  </ItemGroup>
  <ItemGroup>
    <Filter Include="Header Files">
      <UniqueIdentifier>{7BF7BA29-1303-3ABC-960D-A1C3A07A1CA6}</UniqueIdentifier>
    </Filter>
    <Filter Include="Source Files">
      <UniqueIdentifier>{C303EF4B-0EFA-39B7-A119-8D2219E5DE4F}</UniqueIdentifier>
    </Filter>
  </ItemGroup>
</Project>
